
Microsoft Visual Studio Solution File, Format Version 12.00
# Visual Studio 15
Project("{FAE04EC0-301F-11D3-BF4B-00C04F79EFBC}") = "Assembly-CSharp", "Assembly-CSharp.csproj", "{B527F0C5-6C77-CDCE-C29C-0A0E29CD95B7}"
EndProject
Project("{FAE04EC0-301F-11D3-BF4B-00C04F79EFBC}") = "NodeCanvas", "NodeCanvas.csproj", "{B5C39850-F3EE-2572-4F50-FC221BB941BA}"
EndProject
Project("{FAE04EC0-301F-11D3-BF4B-00C04F79EFBC}") = "ParadoxNotion", "ParadoxNotion.csproj", "{B70082DC-6DDE-E180-352C-315A8FB50518}"
EndProject
Global
	GlobalSection(SolutionConfigurationPlatforms) = preSolution
		Debug|Any CPU = Debug|Any CPU
		Release|Any CPU = Release|Any CPU
	EndGlobalSection
	GlobalSection(ProjectConfigurationPlatforms) = postSolution
		{B527F0C5-6C77-CDCE-C29C-0A0E29CD95B7}.Debug|Any CPU.ActiveCfg = Debug|Any CPU
		{B527F0C5-6C77-CDCE-C29C-0A0E29CD95B7}.Debug|Any CPU.Build.0 = Debug|Any CPU
		{B527F0C5-6C77-CDCE-C29C-0A0E29CD95B7}.Release|Any CPU.ActiveCfg = Release|Any CPU
		{B527F0C5-6C77-CDCE-C29C-0A0E29CD95B7}.Release|Any CPU.Build.0 = Release|Any CPU
		{B5C39850-F3EE-2572-4F50-FC221BB941BA}.Debug|Any CPU.ActiveCfg = Debug|Any CPU
		{B5C39850-F3EE-2572-4F50-FC221BB941BA}.Debug|Any CPU.Build.0 = Debug|Any CPU
		{B5C39850-F3EE-2572-4F50-FC221BB941BA}.Release|Any CPU.ActiveCfg = Release|Any CPU
		{B5C39850-F3EE-2572-4F50-FC221BB941BA}.Release|Any CPU.Build.0 = Release|Any CPU
		{B70082DC-6DDE-E180-352C-315A8FB50518}.Debug|Any CPU.ActiveCfg = Debug|Any CPU
		{B70082DC-6DDE-E180-352C-315A8FB50518}.Debug|Any CPU.Build.0 = Debug|Any CPU
		{B70082DC-6DDE-E180-352C-315A8FB50518}.Release|Any CPU.ActiveCfg = Release|Any CPU
		{B70082DC-6DDE-E180-352C-315A8FB50518}.Release|Any CPU.Build.0 = Release|Any CPU
	EndGlobalSection
	GlobalSection(SolutionProperties) = preSolution
		HideSolutionNode = FALSE
	EndGlobalSection
EndGlobal
